
Microsoft Visual Studio Solution File, Format Version 12.00
# Visual Studio 14
VisualStudioVersion = 14.0.24720.0
MinimumVisualStudioVersion = 10.0.40219.1
Project("{FAE04EC0-301F-11D3-BF4B-00C04F79EFBC}") = "Model", "Model\Model.csproj", "{A4F7E645-ADE0-4CAD-915C-F965B941A2F8}"
EndProject
Project("{FAE04EC0-301F-11D3-BF4B-00C04F79EFBC}") = "Model.Core", "Model.Core\Model.Core.csproj", "{D5F4DD39-ACEC-4A0B-A988-21E189A8EA8A}"
EndProject
Project("{FAE04EC0-301F-11D3-BF4B-00C04F79EFBC}") = "Model.Contract", "Model.Contract\Model.Contract.csproj", "{323C73BD-8D91-4FF1-858C-99E13EE4F0B5}"
EndProject
Project("{FAE04EC0-301F-11D3-BF4B-00C04F79EFBC}") = "StatelessWebAppScoped", "StatelessWebAppScoped\StatelessWebAppScoped.csproj", "{FFE01D56-880F-4EF0-90E4-CA84ACFE9F93}"
EndProject
Project("{FAE04EC0-301F-11D3-BF4B-00C04F79EFBC}") = "Domain", "Domain\Domain.csproj", "{2A35426F-2C38-4F88-9C2C-F6047B2252D5}"
EndProject
Project("{2150E333-8FDC-42A3-9474-1A3956D46DE8}") = "2. Model", "2. Model", "{BCBBDD4A-408F-4CE4-8C75-926A2378906A}"
EndProject
Project("{2150E333-8FDC-42A3-9474-1A3956D46DE8}") = "3. Domain", "3. Domain", "{0B330392-4519-451D-85A6-6F6B81D99B0C}"
EndProject
Project("{FAE04EC0-301F-11D3-BF4B-00C04F79EFBC}") = "Domain.Contract", "Domain.Contract\Domain.Contract.csproj", "{11F13D59-5DA9-4DF6-8567-45BDDFB5FC56}"
EndProject
Project("{2150E333-8FDC-42A3-9474-1A3956D46DE8}") = "4. DepInj", "4. DepInj", "{514E1418-02A3-4D4F-8372-BD0551DE71C4}"
EndProject
Project("{FAE04EC0-301F-11D3-BF4B-00C04F79EFBC}") = "DepInj", "DI\DepInj.csproj", "{D884E4E9-1879-4CD7-8FD9-FEE5C6478E00}"
EndProject
Project("{FAE04EC0-301F-11D3-BF4B-00C04F79EFBC}") = "DepInj.Contract", "DI.Contract\DepInj.Contract.csproj", "{B8974902-151C-4EF6-8AC0-70E28835B256}"
EndProject
Project("{2150E333-8FDC-42A3-9474-1A3956D46DE8}") = "1. Core", "1. Core", "{DE5B5B65-6399-4A91-B1EC-A6ADA15B00E0}"
EndProject
Project("{FAE04EC0-301F-11D3-BF4B-00C04F79EFBC}") = "Core.Contract", "Core.Contract\Core.Contract.csproj", "{5185EE6A-9BEC-4AAE-AAC1-182C7893A408}"
EndProject
Global
	GlobalSection(SolutionConfigurationPlatforms) = preSolution
		Debug|Any CPU = Debug|Any CPU
		Release|Any CPU = Release|Any CPU
	EndGlobalSection
	GlobalSection(ProjectConfigurationPlatforms) = postSolution
		{A4F7E645-ADE0-4CAD-915C-F965B941A2F8}.Debug|Any CPU.ActiveCfg = Debug|Any CPU
		{A4F7E645-ADE0-4CAD-915C-F965B941A2F8}.Debug|Any CPU.Build.0 = Debug|Any CPU
		{A4F7E645-ADE0-4CAD-915C-F965B941A2F8}.Release|Any CPU.ActiveCfg = Release|Any CPU
		{A4F7E645-ADE0-4CAD-915C-F965B941A2F8}.Release|Any CPU.Build.0 = Release|Any CPU
		{D5F4DD39-ACEC-4A0B-A988-21E189A8EA8A}.Debug|Any CPU.ActiveCfg = Debug|Any CPU
		{D5F4DD39-ACEC-4A0B-A988-21E189A8EA8A}.Debug|Any CPU.Build.0 = Debug|Any CPU
		{D5F4DD39-ACEC-4A0B-A988-21E189A8EA8A}.Release|Any CPU.ActiveCfg = Release|Any CPU
		{D5F4DD39-ACEC-4A0B-A988-21E189A8EA8A}.Release|Any CPU.Build.0 = Release|Any CPU
		{323C73BD-8D91-4FF1-858C-99E13EE4F0B5}.Debug|Any CPU.ActiveCfg = Debug|Any CPU
		{323C73BD-8D91-4FF1-858C-99E13EE4F0B5}.Debug|Any CPU.Build.0 = Debug|Any CPU
		{323C73BD-8D91-4FF1-858C-99E13EE4F0B5}.Release|Any CPU.ActiveCfg = Release|Any CPU
		{323C73BD-8D91-4FF1-858C-99E13EE4F0B5}.Release|Any CPU.Build.0 = Release|Any CPU
		{FFE01D56-880F-4EF0-90E4-CA84ACFE9F93}.Debug|Any CPU.ActiveCfg = Debug|Any CPU
		{FFE01D56-880F-4EF0-90E4-CA84ACFE9F93}.Debug|Any CPU.Build.0 = Debug|Any CPU
		{FFE01D56-880F-4EF0-90E4-CA84ACFE9F93}.Release|Any CPU.ActiveCfg = Release|Any CPU
		{FFE01D56-880F-4EF0-90E4-CA84ACFE9F93}.Release|Any CPU.Build.0 = Release|Any CPU
		{2A35426F-2C38-4F88-9C2C-F6047B2252D5}.Debug|Any CPU.ActiveCfg = Debug|Any CPU
		{2A35426F-2C38-4F88-9C2C-F6047B2252D5}.Debug|Any CPU.Build.0 = Debug|Any CPU
		{2A35426F-2C38-4F88-9C2C-F6047B2252D5}.Release|Any CPU.ActiveCfg = Release|Any CPU
		{2A35426F-2C38-4F88-9C2C-F6047B2252D5}.Release|Any CPU.Build.0 = Release|Any CPU
		{11F13D59-5DA9-4DF6-8567-45BDDFB5FC56}.Debug|Any CPU.ActiveCfg = Debug|Any CPU
		{11F13D59-5DA9-4DF6-8567-45BDDFB5FC56}.Debug|Any CPU.Build.0 = Debug|Any CPU
		{11F13D59-5DA9-4DF6-8567-45BDDFB5FC56}.Release|Any CPU.ActiveCfg = Release|Any CPU
		{11F13D59-5DA9-4DF6-8567-45BDDFB5FC56}.Release|Any CPU.Build.0 = Release|Any CPU
		{D884E4E9-1879-4CD7-8FD9-FEE5C6478E00}.Debug|Any CPU.ActiveCfg = Debug|Any CPU
		{D884E4E9-1879-4CD7-8FD9-FEE5C6478E00}.Debug|Any CPU.Build.0 = Debug|Any CPU
		{D884E4E9-1879-4CD7-8FD9-FEE5C6478E00}.Release|Any CPU.ActiveCfg = Release|Any CPU
		{D884E4E9-1879-4CD7-8FD9-FEE5C6478E00}.Release|Any CPU.Build.0 = Release|Any CPU
		{B8974902-151C-4EF6-8AC0-70E28835B256}.Debug|Any CPU.ActiveCfg = Debug|Any CPU
		{B8974902-151C-4EF6-8AC0-70E28835B256}.Debug|Any CPU.Build.0 = Debug|Any CPU
		{B8974902-151C-4EF6-8AC0-70E28835B256}.Release|Any CPU.ActiveCfg = Release|Any CPU
		{B8974902-151C-4EF6-8AC0-70E28835B256}.Release|Any CPU.Build.0 = Release|Any CPU
		{5185EE6A-9BEC-4AAE-AAC1-182C7893A408}.Debug|Any CPU.ActiveCfg = Debug|Any CPU
		{5185EE6A-9BEC-4AAE-AAC1-182C7893A408}.Debug|Any CPU.Build.0 = Debug|Any CPU
		{5185EE6A-9BEC-4AAE-AAC1-182C7893A408}.Release|Any CPU.ActiveCfg = Release|Any CPU
		{5185EE6A-9BEC-4AAE-AAC1-182C7893A408}.Release|Any CPU.Build.0 = Release|Any CPU
	EndGlobalSection
	GlobalSection(SolutionProperties) = preSolution
		HideSolutionNode = FALSE
	EndGlobalSection
	GlobalSection(NestedProjects) = preSolution
		{A4F7E645-ADE0-4CAD-915C-F965B941A2F8} = {BCBBDD4A-408F-4CE4-8C75-926A2378906A}
		{D5F4DD39-ACEC-4A0B-A988-21E189A8EA8A} = {BCBBDD4A-408F-4CE4-8C75-926A2378906A}
		{323C73BD-8D91-4FF1-858C-99E13EE4F0B5} = {BCBBDD4A-408F-4CE4-8C75-926A2378906A}
		{2A35426F-2C38-4F88-9C2C-F6047B2252D5} = {0B330392-4519-451D-85A6-6F6B81D99B0C}
		{11F13D59-5DA9-4DF6-8567-45BDDFB5FC56} = {0B330392-4519-451D-85A6-6F6B81D99B0C}
		{D884E4E9-1879-4CD7-8FD9-FEE5C6478E00} = {514E1418-02A3-4D4F-8372-BD0551DE71C4}
		{B8974902-151C-4EF6-8AC0-70E28835B256} = {514E1418-02A3-4D4F-8372-BD0551DE71C4}
		{5185EE6A-9BEC-4AAE-AAC1-182C7893A408} = {DE5B5B65-6399-4A91-B1EC-A6ADA15B00E0}
	EndGlobalSection
EndGlobal
